
Microsoft Visual Studio Solution File, Format Version 12.00
# Visual Studio Version 17
VisualStudioVersion = 17.4.33213.308
MinimumVisualStudioVersion = 10.0.40219.1
Project("{FAE04EC0-301F-11D3-BF4B-00C04F79EFBC}") = "MoviesApi", "MoviesApi\MoviesApi.csproj", "{4480BF24-BCA2-475A-9F05-88954669C3B9}"
EndProject
Global
	GlobalSection(SolutionConfigurationPlatforms) = preSolution
		Debug|Any CPU = Debug|Any CPU
		Release|Any CPU = Release|Any CPU
	EndGlobalSection
	GlobalSection(ProjectConfigurationPlatforms) = postSolution
		{4480BF24-BCA2-475A-9F05-88954669C3B9}.Debug|Any CPU.ActiveCfg = Debug|Any CPU
		{4480BF24-BCA2-475A-9F05-88954669C3B9}.Debug|Any CPU.Build.0 = Debug|Any CPU
		{4480BF24-BCA2-475A-9F05-88954669C3B9}.Release|Any CPU.ActiveCfg = Release|Any CPU
		{4480BF24-BCA2-475A-9F05-88954669C3B9}.Release|Any CPU.Build.0 = Release|Any CPU
	EndGlobalSection
	GlobalSection(SolutionProperties) = preSolution
		HideSolutionNode = FALSE
	EndGlobalSection
	GlobalSection(ExtensibilityGlobals) = postSolution
		SolutionGuid = {C277032E-E524-4D2F-8CBA-958427CC525B}
	EndGlobalSection
EndGlobal
